
Microsoft Visual Studio Solution File, Format Version 12.00
# Visual Studio Version 16
VisualStudioVersion = 16.0.31321.278
MinimumVisualStudioVersion = 10.0.40219.1
Project("{FAE04EC0-301F-11D3-BF4B-00C04F79EFBC}") = "Lap_4", "Lap_4\Lap_4.csproj", "{B358C923-517D-49ED-8673-35E6AC8D8FBE}"
EndProject
Global
	GlobalSection(SolutionConfigurationPlatforms) = preSolution
		Debug|Any CPU = Debug|Any CPU
		Release|Any CPU = Release|Any CPU
	EndGlobalSection
	GlobalSection(ProjectConfigurationPlatforms) = postSolution
		{B358C923-517D-49ED-8673-35E6AC8D8FBE}.Debug|Any CPU.ActiveCfg = Debug|Any CPU
		{B358C923-517D-49ED-8673-35E6AC8D8FBE}.Debug|Any CPU.Build.0 = Debug|Any CPU
		{B358C923-517D-49ED-8673-35E6AC8D8FBE}.Release|Any CPU.ActiveCfg = Release|Any CPU
		{B358C923-517D-49ED-8673-35E6AC8D8FBE}.Release|Any CPU.Build.0 = Release|Any CPU
	EndGlobalSection
	GlobalSection(SolutionProperties) = preSolution
		HideSolutionNode = FALSE
	EndGlobalSection
	GlobalSection(ExtensibilityGlobals) = postSolution
		SolutionGuid = {D177D47D-F90F-4902-8BD3-813A0BC8CC15}
	EndGlobalSection
EndGlobal
